PODS:
  - Alamofire (3.1.3)
  - Alamofire-SwiftyJSON (2.0.0-beta.1)
  - PKHUD (2.2.5)
  - pop (1.0.8)
  - PureLayout (3.0.1)
  - Socket.IO-Client-Swift (4.1.2)
  - SwiftyJSON (2.3.1)

DEPENDENCIES:
  - Alamofire
  - Alamofire-SwiftyJSON (from `https://raw.githubusercontent.com/pdutourgeerling/Alamofire-SwiftyJSON-Podspec/master/Alamofire-SwiftyJSON.podspec`)
  - PKHUD
  - pop
  - PureLayout
  - Socket.IO-Client-Swift
  - SwiftyJSON

EXTERNAL SOURCES:
  Alamofire-SwiftyJSON:
    :podspec: https://raw.githubusercontent.com/pdutourgeerling/Alamofire-SwiftyJSON-Podspec/master/Alamofire-SwiftyJSON.podspec

CHECKOUT OPTIONS:
  Alamofire-SwiftyJSON:
    :commit: edee0486d60489807c6488e5f0d08b32c1985d92
    :git: https://github.com/SwiftyJSON/Alamofire-SwiftyJSON.git

SPEC CHECKSUMS:
  Alamofire: 9f93b56389e48def9220dd57d1f44b1927229a5a
  Alamofire-SwiftyJSON: e394c54579b41d18d2aa1b88adf9fd6a2351e888
  PKHUD: 15d9db01fb008bb9247c6d785c585f587955b113
  pop: bb773ae2c791ca2629de13b347e7a8b450fa6a57
  PureLayout: f35f5384c9c4e4479df041dbe33ad7577b71ddfb
  Socket.IO-Client-Swift: e9e173cf20d6fa33c1c1c4f6354c7b168259eeb6
  SwiftyJSON: 592b53bee5ef3dd9b3bebc6b9cb7ee35426ae8c3

COCOAPODS: 0.38.2
