// !$*UTF8*$!
{
	archiveVersion = 1;
	classes = {
	};
	objectVersion = 46;
	objects = {

/* Begin PBXBuildFile section */
		D0127E7377702A1924037C9D /* Pods_BentoDriver.framework in Frameworks */ = {isa = PBXBuildFile; fileRef = 5AB591346C85EBAAAA8EC6D0 /* Pods_BentoDriver.framework */; settings = {ATTRIBUTES = (Weak, ); }; };
		FC1594281BC89BBA00F532BD /* LoginViewController.swift in Sources */ = {isa = PBXBuildFile; fileRef = FC1594271BC89BBA00F532BD /* LoginViewController.swift */; settings = {ASSET_TAGS = (); }; };
		FC15942E1BC89BF100F532BD /* OrderListViewController.swift in Sources */ = {isa = PBXBuildFile; fileRef = FC15942D1BC89BF100F532BD /* OrderListViewController.swift */; settings = {ASSET_TAGS = (); }; };
		FC1594301BC89C0500F532BD /* OrderDetailViewController.swift in Sources */ = {isa = PBXBuildFile; fileRef = FC15942F1BC89C0500F532BD /* OrderDetailViewController.swift */; settings = {ASSET_TAGS = (); }; };
		FC1594341BC89C2600F532BD /* SocketHandler.swift in Sources */ = {isa = PBXBuildFile; fileRef = FC1594331BC89C2600F532BD /* SocketHandler.swift */; settings = {ASSET_TAGS = (); }; };
		FC1594361BC89C3C00F532BD /* User.swift in Sources */ = {isa = PBXBuildFile; fileRef = FC1594351BC89C3C00F532BD /* User.swift */; settings = {ASSET_TAGS = (); }; };
		FC1594381BC89C5000F532BD /* OrderItem.swift in Sources */ = {isa = PBXBuildFile; fileRef = FC1594371BC89C5000F532BD /* OrderItem.swift */; settings = {ASSET_TAGS = (); }; };
		FC1594401BCC5FB600F532BD /* BentoBox.swift in Sources */ = {isa = PBXBuildFile; fileRef = FC15943F1BCC5FB600F532BD /* BentoBox.swift */; settings = {ASSET_TAGS = (); }; };
		FC9CB3191BBF4409000F4395 /* AppDelegate.swift in Sources */ = {isa = PBXBuildFile; fileRef = FC9CB3181BBF4409000F4395 /* AppDelegate.swift */; };
		FC9CB3201BBF4409000F4395 /* Assets.xcassets in Resources */ = {isa = PBXBuildFile; fileRef = FC9CB31F1BBF4409000F4395 /* Assets.xcassets */; };
		FC9CB3231BBF4409000F4395 /* LaunchScreen.storyboard in Resources */ = {isa = PBXBuildFile; fileRef = FC9CB3211BBF4409000F4395 /* LaunchScreen.storyboard */; };
		FC9CB32E1BBF4409000F4395 /* BentoDriverTests.swift in Sources */ = {isa = PBXBuildFile; fileRef = FC9CB32D1BBF4409000F4395 /* BentoDriverTests.swift */; };
		FC9CB3391BBF4409000F4395 /* BentoDriverUITests.swift in Sources */ = {isa = PBXBuildFile; fileRef = FC9CB3381BBF4409000F4395 /* BentoDriverUITests.swift */; };
		FCED93811BCEDF59008C17C8 /* new_order.wav in Resources */ = {isa = PBXBuildFile; fileRef = FCED93801BCEDF59008C17C8 /* new_order.wav */; settings = {ASSET_TAGS = (); }; };
		FCED93841BCEDF69008C17C8 /* New York City Marathon.gpx in Resources */ = {isa = PBXBuildFile; fileRef = FCED93821BCEDF69008C17C8 /* New York City Marathon.gpx */; settings = {ASSET_TAGS = (); }; };
		FCED93851BCEDF69008C17C8 /* test_route.gpx in Resources */ = {isa = PBXBuildFile; fileRef = FCED93831BCEDF69008C17C8 /* test_route.gpx */; settings = {ASSET_TAGS = (); }; };
		FCED938C1BD086E9008C17C8 /* Push.swift in Sources */ = {isa = PBXBuildFile; fileRef = FCED938B1BD086E9008C17C8 /* Push.swift */; settings = {ASSET_TAGS = (); }; };
		FCFC93901BC73EDF00DB52AC /* Order.swift in Sources */ = {isa = PBXBuildFile; fileRef = FCFC938F1BC73EDF00DB52AC /* Order.swift */; settings = {ASSET_TAGS = (); }; };
/* End PBXBuildFile section */

/* Begin PBXContainerItemProxy section */
		FC9CB32A1BBF4409000F4395 /* PBXContainerItemProxy */ = {
			isa = PBXContainerItemProxy;
			containerPortal = FC9CB30D1BBF4409000F4395 /* Project object */;
			proxyType = 1;
			remoteGlobalIDString = FC9CB3141BBF4409000F4395;
			remoteInfo = BentoDriver;
		};
		FC9CB3351BBF4409000F4395 /* PBXContainerItemProxy */ = {
			isa = PBXContainerItemProxy;
			containerPortal = FC9CB30D1BBF4409000F4395 /* Project object */;
			proxyType = 1;
			remoteGlobalIDString = FC9CB3141BBF4409000F4395;
			remoteInfo = BentoDriver;
		};
/* End PBXContainerItemProxy section */

/* Begin PBXFileReference section */
		496DD6E83891F94653BCB5C9 /* Pods-BentoDriver.debug.xcconfig */ = {isa = PBXFileReference; includeInIndex = 1; lastKnownFileType = text.xcconfig; name = "Pods-BentoDriver.debug.xcconfig"; path = "Pods/Target Support Files/Pods-BentoDriver/Pods-BentoDriver.debug.xcconfig"; sourceTree = "<group>"; };
		5AB591346C85EBAAAA8EC6D0 /* Pods_BentoDriver.framework */ = {isa = PBXFileReference; explicitFileType = wrapper.framework; includeInIndex = 0; path = Pods_BentoDriver.framework; sourceTree = BUILT_PRODUCTS_DIR; };
		740ED416EA46E8C8CA60F0DE /* Pods-BentoDriver.release.xcconfig */ = {isa = PBXFileReference; includeInIndex = 1; lastKnownFileType = text.xcconfig; name = "Pods-BentoDriver.release.xcconfig"; path = "Pods/Target Support Files/Pods-BentoDriver/Pods-BentoDriver.release.xcconfig"; sourceTree = "<group>"; };
		FC1594271BC89BBA00F532BD /* LoginViewController.swift */ = {isa = PBXFileReference; fileEncoding = 4; lastKnownFileType = sourcecode.swift; path = LoginViewController.swift; sourceTree = "<group>"; };
		FC15942D1BC89BF100F532BD /* OrderListViewController.swift */ = {isa = PBXFileReference; fileEncoding = 4; lastKnownFileType = sourcecode.swift; path = OrderListViewController.swift; sourceTree = "<group>"; };
		FC15942F1BC89C0500F532BD /* OrderDetailViewController.swift */ = {isa = PBXFileReference; fileEncoding = 4; lastKnownFileType = sourcecode.swift; path = OrderDetailViewController.swift; sourceTree = "<group>"; };
		FC1594331BC89C2600F532BD /* SocketHandler.swift */ = {isa = PBXFileReference; fileEncoding = 4; lastKnownFileType = sourcecode.swift; path = SocketHandler.swift; sourceTree = "<group>"; };
		FC1594351BC89C3C00F532BD /* User.swift */ = {isa = PBXFileReference; fileEncoding = 4; lastKnownFileType = sourcecode.swift; path = User.swift; sourceTree = "<group>"; };
		FC1594371BC89C5000F532BD /* OrderItem.swift */ = {isa = PBXFileReference; fileEncoding = 4; lastKnownFileType = sourcecode.swift; path = OrderItem.swift; sourceTree = "<group>"; };
		FC15943F1BCC5FB600F532BD /* BentoBox.swift */ = {isa = PBXFileReference; fileEncoding = 4; lastKnownFileType = sourcecode.swift; path = BentoBox.swift; sourceTree = "<group>"; };
		FC1594471BCC6BD500F532BD /* BentoDriver-Bridging-Header.h */ = {isa = PBXFileReference; lastKnownFileType = sourcecode.c.h; path = "BentoDriver-Bridging-Header.h"; sourceTree = "<group>"; };
		FC9CB3151BBF4409000F4395 /* Bento Driver.app */ = {isa = PBXFileReference; explicitFileType = wrapper.application; includeInIndex = 0; path = "Bento Driver.app"; sourceTree = BUILT_PRODUCTS_DIR; };
		FC9CB3181BBF4409000F4395 /* AppDelegate.swift */ = {isa = PBXFileReference; lastKnownFileType = sourcecode.swift; path = AppDelegate.swift; sourceTree = "<group>"; };
		FC9CB31F1BBF4409000F4395 /* Assets.xcassets */ = {isa = PBXFileReference; lastKnownFileType = folder.assetcatalog; path = Assets.xcassets; sourceTree = "<group>"; };
		FC9CB3221BBF4409000F4395 /* Base */ = {isa = PBXFileReference; lastKnownFileType = file.storyboard; name = Base; path = Base.lproj/LaunchScreen.storyboard; sourceTree = "<group>"; };
		FC9CB3241BBF4409000F4395 /* Info.plist */ = {isa = PBXFileReference; lastKnownFileType = text.plist.xml; path = Info.plist; sourceTree = "<group>"; };
		FC9CB3291BBF4409000F4395 /* BentoDriverTests.xctest */ = {isa = PBXFileReference; explicitFileType = wrapper.cfbundle; includeInIndex = 0; path = BentoDriverTests.xctest; sourceTree = BUILT_PRODUCTS_DIR; };
		FC9CB32D1BBF4409000F4395 /* BentoDriverTests.swift */ = {isa = PBXFileReference; lastKnownFileType = sourcecode.swift; path = BentoDriverTests.swift; sourceTree = "<group>"; };
		FC9CB32F1BBF4409000F4395 /* Info.plist */ = {isa = PBXFileReference; lastKnownFileType = text.plist.xml; path = Info.plist; sourceTree = "<group>"; };
		FC9CB3341BBF4409000F4395 /* BentoDriverUITests.xctest */ = {isa = PBXFileReference; explicitFileType = wrapper.cfbundle; includeInIndex = 0; path = BentoDriverUITests.xctest; sourceTree = BUILT_PRODUCTS_DIR; };
		FC9CB3381BBF4409000F4395 /* BentoDriverUITests.swift */ = {isa = PBXFileReference; lastKnownFileType = sourcecode.swift; path = BentoDriverUITests.swift; sourceTree = "<group>"; };
		FC9CB33A1BBF4409000F4395 /* Info.plist */ = {isa = PBXFileReference; lastKnownFileType = text.plist.xml; path = Info.plist; sourceTree = "<group>"; };
		FCED93801BCEDF59008C17C8 /* new_order.wav */ = {isa = PBXFileReference; lastKnownFileType = audio.wav; path = new_order.wav; sourceTree = "<group>"; };
		FCED93821BCEDF69008C17C8 /* New York City Marathon.gpx */ = {isa = PBXFileReference; fileEncoding = 4; lastKnownFileType = text; path = "New York City Marathon.gpx"; sourceTree = "<group>"; };
		FCED93831BCEDF69008C17C8 /* test_route.gpx */ = {isa = PBXFileReference; fileEncoding = 4; lastKnownFileType = text.xml; path = test_route.gpx; sourceTree = "<group>"; };
		FCED938B1BD086E9008C17C8 /* Push.swift */ = {isa = PBXFileReference; fileEncoding = 4; lastKnownFileType = sourcecode.swift; path = Push.swift; sourceTree = "<group>"; };
		FCFC938F1BC73EDF00DB52AC /* Order.swift */ = {isa = PBXFileReference; fileEncoding = 4; lastKnownFileType = sourcecode.swift; path = Order.swift; sourceTree = "<group>"; };
/* End PBXFileReference section */

/* Begin PBXFrameworksBuildPhase section */
		FC9CB3121BBF4409000F4395 /* Frameworks */ = {
			isa = PBXFrameworksBuildPhase;
			buildActionMask = 2147483647;
			files = (
				D0127E7377702A1924037C9D /* Pods_BentoDriver.framework in Frameworks */,
			);
			runOnlyForDeploymentPostprocessing = 0;
		};
		FC9CB3261BBF4409000F4395 /* Frameworks */ = {
			isa = PBXFrameworksBuildPhase;
			buildActionMask = 2147483647;
			files = (
			);
			runOnlyForDeploymentPostprocessing = 0;
		};
		FC9CB3311BBF4409000F4395 /* Frameworks */ = {
			isa = PBXFrameworksBuildPhase;
			buildActionMask = 2147483647;
			files = (
			);
			runOnlyForDeploymentPostprocessing = 0;
		};
/* End PBXFrameworksBuildPhase section */

/* Begin PBXGroup section */
		5BBB3966997C9820FCBD0B7D /* Frameworks */ = {
			isa = PBXGroup;
			children = (
				5AB591346C85EBAAAA8EC6D0 /* Pods_BentoDriver.framework */,
			);
			name = Frameworks;
			sourceTree = "<group>";
		};
		884D9F31A8D6A8E098A09450 /* Pods */ = {
			isa = PBXGroup;
			children = (
				496DD6E83891F94653BCB5C9 /* Pods-BentoDriver.debug.xcconfig */,
				740ED416EA46E8C8CA60F0DE /* Pods-BentoDriver.release.xcconfig */,
			);
			name = Pods;
			sourceTree = "<group>";
		};
		FC9CB30C1BBF4409000F4395 = {
			isa = PBXGroup;
			children = (
				FC9CB3171BBF4409000F4395 /* BentoDriver */,
				FC9CB32C1BBF4409000F4395 /* BentoDriverTests */,
				FC9CB3371BBF4409000F4395 /* BentoDriverUITests */,
				FC9CB3161BBF4409000F4395 /* Products */,
				884D9F31A8D6A8E098A09450 /* Pods */,
				5BBB3966997C9820FCBD0B7D /* Frameworks */,
			);
			sourceTree = "<group>";
		};
		FC9CB3161BBF4409000F4395 /* Products */ = {
			isa = PBXGroup;
			children = (
				FC9CB3151BBF4409000F4395 /* Bento Driver.app */,
				FC9CB3291BBF4409000F4395 /* BentoDriverTests.xctest */,
				FC9CB3341BBF4409000F4395 /* BentoDriverUITests.xctest */,
			);
			name = Products;
			sourceTree = "<group>";
		};
		FC9CB3171BBF4409000F4395 /* BentoDriver */ = {
			isa = PBXGroup;
			children = (
				FC1594471BCC6BD500F532BD /* BentoDriver-Bridging-Header.h */,
				FC9CB3181BBF4409000F4395 /* AppDelegate.swift */,
				FC9CB31F1BBF4409000F4395 /* Assets.xcassets */,
				FC9CB3211BBF4409000F4395 /* LaunchScreen.storyboard */,
				FC9CB3241BBF4409000F4395 /* Info.plist */,
				FCFC93861BC731D300DB52AC /* Modules */,
				FCFC93871BC731D900DB52AC /* Models */,
				FCFC93891BC731EA00DB52AC /* Utilities */,
				FCFC93881BC731E500DB52AC /* Extensions */,
				FCED93861BCEDF88008C17C8 /* Resouces */,
			);
			path = BentoDriver;
			sourceTree = "<group>";
		};
		FC9CB32C1BBF4409000F4395 /* BentoDriverTests */ = {
			isa = PBXGroup;
			children = (
				FC9CB32D1BBF4409000F4395 /* BentoDriverTests.swift */,
				FC9CB32F1BBF4409000F4395 /* Info.plist */,
			);
			path = BentoDriverTests;
			sourceTree = "<group>";
		};
		FC9CB3371BBF4409000F4395 /* BentoDriverUITests */ = {
			isa = PBXGroup;
			children = (
				FC9CB3381BBF4409000F4395 /* BentoDriverUITests.swift */,
				FC9CB33A1BBF4409000F4395 /* Info.plist */,
			);
			path = BentoDriverUITests;
			sourceTree = "<group>";
		};
		FCED93861BCEDF88008C17C8 /* Resouces */ = {
			isa = PBXGroup;
			children = (
				FCED93821BCEDF69008C17C8 /* New York City Marathon.gpx */,
				FCED93831BCEDF69008C17C8 /* test_route.gpx */,
				FCED93801BCEDF59008C17C8 /* new_order.wav */,
			);
			name = Resouces;
			sourceTree = "<group>";
		};
		FCFC93861BC731D300DB52AC /* Modules */ = {
			isa = PBXGroup;
			children = (
				FCFC938E1BC7344D00DB52AC /* Reusable Elements */,
				FCFC938A1BC7331900DB52AC /* Login */,
				FCFC938B1BC7332000DB52AC /* OrderList */,
				FCFC938C1BC7332D00DB52AC /* OrderDetail */,
			);
			name = Modules;
			sourceTree = "<group>";
		};
		FCFC93871BC731D900DB52AC /* Models */ = {
			isa = PBXGroup;
			children = (
				FC1594331BC89C2600F532BD /* SocketHandler.swift */,
				FC1594351BC89C3C00F532BD /* User.swift */,
				FCFC938F1BC73EDF00DB52AC /* Order.swift */,
				FC1594371BC89C5000F532BD /* OrderItem.swift */,
				FC15943F1BCC5FB600F532BD /* BentoBox.swift */,
				FCED938B1BD086E9008C17C8 /* Push.swift */,
			);
			name = Models;
			sourceTree = "<group>";
		};
		FCFC93881BC731E500DB52AC /* Extensions */ = {
			isa = PBXGroup;
			children = (
			);
			name = Extensions;
			sourceTree = "<group>";
		};
		FCFC93891BC731EA00DB52AC /* Utilities */ = {
			isa = PBXGroup;
			children = (
			);
			name = Utilities;
			sourceTree = "<group>";
		};
		FCFC938A1BC7331900DB52AC /* Login */ = {
			isa = PBXGroup;
			children = (
				FC1594271BC89BBA00F532BD /* LoginViewController.swift */,
			);
			name = Login;
			sourceTree = "<group>";
		};
		FCFC938B1BC7332000DB52AC /* OrderList */ = {
			isa = PBXGroup;
			children = (
				FC15942D1BC89BF100F532BD /* OrderListViewController.swift */,
			);
			name = OrderList;
			sourceTree = "<group>";
		};
		FCFC938C1BC7332D00DB52AC /* OrderDetail */ = {
			isa = PBXGroup;
			children = (
				FC15942F1BC89C0500F532BD /* OrderDetailViewController.swift */,
			);
			name = OrderDetail;
			sourceTree = "<group>";
		};
		FCFC938E1BC7344D00DB52AC /* Reusable Elements */ = {
			isa = PBXGroup;
			children = (
			);
			name = "Reusable Elements";
			sourceTree = "<group>";
		};
/* End PBXGroup section */

/* Begin PBXNativeTarget section */
		FC9CB3141BBF4409000F4395 /* Bento Driver */ = {
			isa = PBXNativeTarget;
			buildConfigurationList = FC9CB33D1BBF4409000F4395 /* Build configuration list for PBXNativeTarget "Bento Driver" */;
			buildPhases = (
				55596C68FB45820E09F2E7FB /* Check Pods Manifest.lock */,
				FC9CB3111BBF4409000F4395 /* Sources */,
				FC9CB3121BBF4409000F4395 /* Frameworks */,
				FC9CB3131BBF4409000F4395 /* Resources */,
				4042D430177CFCCB28CECE73 /* Embed Pods Frameworks */,
				79583C11A1E86808A53DFC43 /* Copy Pods Resources */,
			);
			buildRules = (
			);
			dependencies = (
			);
			name = "Bento Driver";
			productName = BentoDriver;
			productReference = FC9CB3151BBF4409000F4395 /* Bento Driver.app */;
			productType = "com.apple.product-type.application";
		};
		FC9CB3281BBF4409000F4395 /* BentoDriverTests */ = {
			isa = PBXNativeTarget;
			buildConfigurationList = FC9CB3401BBF4409000F4395 /* Build configuration list for PBXNativeTarget "BentoDriverTests" */;
			buildPhases = (
				FC9CB3251BBF4409000F4395 /* Sources */,
				FC9CB3261BBF4409000F4395 /* Frameworks */,
				FC9CB3271BBF4409000F4395 /* Resources */,
			);
			buildRules = (
			);
			dependencies = (
				FC9CB32B1BBF4409000F4395 /* PBXTargetDependency */,
			);
			name = BentoDriverTests;
			productName = BentoDriverTests;
			productReference = FC9CB3291BBF4409000F4395 /* BentoDriverTests.xctest */;
			productType = "com.apple.product-type.bundle.unit-test";
		};
		FC9CB3331BBF4409000F4395 /* BentoDriverUITests */ = {
			isa = PBXNativeTarget;
			buildConfigurationList = FC9CB3431BBF4409000F4395 /* Build configuration list for PBXNativeTarget "BentoDriverUITests" */;
			buildPhases = (
				FC9CB3301BBF4409000F4395 /* Sources */,
				FC9CB3311BBF4409000F4395 /* Frameworks */,
				FC9CB3321BBF4409000F4395 /* Resources */,
			);
			buildRules = (
			);
			dependencies = (
				FC9CB3361BBF4409000F4395 /* PBXTargetDependency */,
			);
			name = BentoDriverUITests;
			productName = BentoDriverUITests;
			productReference = FC9CB3341BBF4409000F4395 /* BentoDriverUITests.xctest */;
			productType = "com.apple.product-type.bundle.ui-testing";
		};
/* End PBXNativeTarget section */

/* Begin PBXProject section */
		FC9CB30D1BBF4409000F4395 /* Project object */ = {
			isa = PBXProject;
			attributes = {
				LastSwiftUpdateCheck = 0700;
				LastUpgradeCheck = 0700;
				ORGANIZATIONNAME = "Joseph Lau";
				TargetAttributes = {
					FC9CB3141BBF4409000F4395 = {
						CreatedOnToolsVersion = 7.0.1;
						SystemCapabilities = {
							com.apple.BackgroundModes = {
								enabled = 1;
							};
						};
					};
					FC9CB3281BBF4409000F4395 = {
						CreatedOnToolsVersion = 7.0.1;
						TestTargetID = FC9CB3141BBF4409000F4395;
					};
					FC9CB3331BBF4409000F4395 = {
						CreatedOnToolsVersion = 7.0.1;
						TestTargetID = FC9CB3141BBF4409000F4395;
					};
				};
			};
			buildConfigurationList = FC9CB3101BBF4409000F4395 /* Build configuration list for PBXProject "BentoDriver" */;
			compatibilityVersion = "Xcode 3.2";
			developmentRegion = English;
			hasScannedForEncodings = 0;
			knownRegions = (
				en,
				Base,
			);
			mainGroup = FC9CB30C1BBF4409000F4395;
			productRefGroup = FC9CB3161BBF4409000F4395 /* Products */;
			projectDirPath = "";
			projectRoot = "";
			targets = (
				FC9CB3141BBF4409000F4395 /* Bento Driver */,
				FC9CB3281BBF4409000F4395 /* BentoDriverTests */,
				FC9CB3331BBF4409000F4395 /* BentoDriverUITests */,
			);
		};
/* End PBXProject section */

/* Begin PBXResourcesBuildPhase section */
		FC9CB3131BBF4409000F4395 /* Resources */ = {
			isa = PBXResourcesBuildPhase;
			buildActionMask = 2147483647;
			files = (
				FC9CB3231BBF4409000F4395 /* LaunchScreen.storyboard in Resources */,
				FCED93841BCEDF69008C17C8 /* New York City Marathon.gpx in Resources */,
				FCED93811BCEDF59008C17C8 /* new_order.wav in Resources */,
				FCED93851BCEDF69008C17C8 /* test_route.gpx in Resources */,
				FC9CB3201BBF4409000F4395 /* Assets.xcassets in Resources */,
			);
			runOnlyForDeploymentPostprocessing = 0;
		};
		FC9CB3271BBF4409000F4395 /* Resources */ = {
			isa = PBXResourcesBuildPhase;
			buildActionMask = 2147483647;
			files = (
			);
			runOnlyForDeploymentPostprocessing = 0;
		};
		FC9CB3321BBF4409000F4395 /* Resources */ = {
			isa = PBXResourcesBuildPhase;
			buildActionMask = 2147483647;
			files = (
			);
			runOnlyForDeploymentPostprocessing = 0;
		};
/* End PBXResourcesBuildPhase section */

/* Begin PBXShellScriptBuildPhase section */
		4042D430177CFCCB28CECE73 /* Embed Pods Frameworks */ = {
			isa = PBXShellScriptBuildPhase;
			buildActionMask = 2147483647;
			files = (
			);
			inputPaths = (
			);
			name = "Embed Pods Frameworks";
			outputPaths = (
			);
			runOnlyForDeploymentPostprocessing = 0;
			shellPath = /bin/sh;
			shellScript = "\"${SRCROOT}/Pods/Target Support Files/Pods-BentoDriver/Pods-BentoDriver-frameworks.sh\"\n";
			showEnvVarsInLog = 0;
		};
		55596C68FB45820E09F2E7FB /* Check Pods Manifest.lock */ = {
			isa = PBXShellScriptBuildPhase;
			buildActionMask = 2147483647;
			files = (
			);
			inputPaths = (
			);
			name = "Check Pods Manifest.lock";
			outputPaths = (
			);
			runOnlyForDeploymentPostprocessing = 0;
			shellPath = /bin/sh;
			shellScript = "diff \"${PODS_ROOT}/../Podfile.lock\" \"${PODS_ROOT}/Manifest.lock\" > /dev/null\nif [[ $? != 0 ]] ; then\n    cat << EOM\nerror: The sandbox is not in sync with the Podfile.lock. Run 'pod install' or update your CocoaPods installation.\nEOM\n    exit 1\nfi\n";
			showEnvVarsInLog = 0;
		};
		79583C11A1E86808A53DFC43 /* Copy Pods Resources */ = {
			isa = PBXShellScriptBuildPhase;
			buildActionMask = 2147483647;
			files = (
			);
			inputPaths = (
			);
			name = "Copy Pods Resources";
			outputPaths = (
			);
			runOnlyForDeploymentPostprocessing = 0;
			shellPath = /bin/sh;
			shellScript = "\"${SRCROOT}/Pods/Target Support Files/Pods-BentoDriver/Pods-BentoDriver-resources.sh\"\n";
			showEnvVarsInLog = 0;
		};
/* End PBXShellScriptBuildPhase section */

/* Begin PBXSourcesBuildPhase section */
		FC9CB3111BBF4409000F4395 /* Sources */ = {
			isa = PBXSourcesBuildPhase;
			buildActionMask = 2147483647;
			files = (
				FC1594301BC89C0500F532BD /* OrderDetailViewController.swift in Sources */,
				FCED938C1BD086E9008C17C8 /* Push.swift in Sources */,
				FC1594401BCC5FB600F532BD /* BentoBox.swift in Sources */,
				FC15942E1BC89BF100F532BD /* OrderListViewController.swift in Sources */,
				FC1594281BC89BBA00F532BD /* LoginViewController.swift in Sources */,
				FC1594381BC89C5000F532BD /* OrderItem.swift in Sources */,
				FCFC93901BC73EDF00DB52AC /* Order.swift in Sources */,
				FC1594341BC89C2600F532BD /* SocketHandler.swift in Sources */,
				FC1594361BC89C3C00F532BD /* User.swift in Sources */,
				FC9CB3191BBF4409000F4395 /* AppDelegate.swift in Sources */,
			);
			runOnlyForDeploymentPostprocessing = 0;
		};
		FC9CB3251BBF4409000F4395 /* Sources */ = {
			isa = PBXSourcesBuildPhase;
			buildActionMask = 2147483647;
			files = (
				FC9CB32E1BBF4409000F4395 /* BentoDriverTests.swift in Sources */,
			);
			runOnlyForDeploymentPostprocessing = 0;
		};
		FC9CB3301BBF4409000F4395 /* Sources */ = {
			isa = PBXSourcesBuildPhase;
			buildActionMask = 2147483647;
			files = (
				FC9CB3391BBF4409000F4395 /* BentoDriverUITests.swift in Sources */,
			);
			runOnlyForDeploymentPostprocessing = 0;
		};
/* End PBXSourcesBuildPhase section */

/* Begin PBXTargetDependency section */
		FC9CB32B1BBF4409000F4395 /* PBXTargetDependency */ = {
			isa = PBXTargetDependency;
			target = FC9CB3141BBF4409000F4395 /* Bento Driver */;
			targetProxy = FC9CB32A1BBF4409000F4395 /* PBXContainerItemProxy */;
		};
		FC9CB3361BBF4409000F4395 /* PBXTargetDependency */ = {
			isa = PBXTargetDependency;
			target = FC9CB3141BBF4409000F4395 /* Bento Driver */;
			targetProxy = FC9CB3351BBF4409000F4395 /* PBXContainerItemProxy */;
		};
/* End PBXTargetDependency section */

/* Begin PBXVariantGroup section */
		FC9CB3211BBF4409000F4395 /* LaunchScreen.storyboard */ = {
			isa = PBXVariantGroup;
			children = (
				FC9CB3221BBF4409000F4395 /* Base */,
			);
			name = LaunchScreen.storyboard;
			sourceTree = "<group>";
		};
/* End PBXVariantGroup section */

/* Begin XCBuildConfiguration section */
		FC9CB33B1BBF4409000F4395 /* Debug */ = {
			isa = XCBuildConfiguration;
			buildSettings = {
				ALWAYS_SEARCH_USER_PATHS = NO;
				CLANG_CXX_LANGUAGE_STANDARD = "gnu++0x";
				CLANG_CXX_LIBRARY = "libc++";
				CLANG_ENABLE_MODULES = YES;
				CLANG_ENABLE_OBJC_ARC = YES;
				CLANG_WARN_BOOL_CONVERSION = YES;
				CLANG_WARN_CONSTANT_CONVERSION = YES;
				CLANG_WARN_DIRECT_OBJC_ISA_USAGE = YES_ERROR;
				CLANG_WARN_EMPTY_BODY = YES;
				CLANG_WARN_ENUM_CONVERSION = YES;
				CLANG_WARN_INT_CONVERSION = YES;
				CLANG_WARN_OBJC_ROOT_CLASS = YES_ERROR;
				CLANG_WARN_UNREACHABLE_CODE = YES;
				CLANG_WARN__DUPLICATE_METHOD_MATCH = YES;
				"CODE_SIGN_IDENTITY[sdk=iphoneos*]" = "iPhone Developer";
				COPY_PHASE_STRIP = NO;
				DEBUG_INFORMATION_FORMAT = dwarf;
				ENABLE_STRICT_OBJC_MSGSEND = YES;
				ENABLE_TESTABILITY = YES;
				GCC_C_LANGUAGE_STANDARD = gnu99;
				GCC_DYNAMIC_NO_PIC = NO;
				GCC_NO_COMMON_BLOCKS = YES;
				GCC_OPTIMIZATION_LEVEL = 0;
				GCC_PREPROCESSOR_DEFINITIONS = (
					"DEBUG=1",
					"$(inherited)",
				);
				GCC_WARN_64_TO_32_BIT_CONVERSION = YES;
				GCC_WARN_ABOUT_RETURN_TYPE = YES_ERROR;
				GCC_WARN_UNDECLARED_SELECTOR = YES;
				GCC_WARN_UNINITIALIZED_AUTOS = YES_AGGRESSIVE;
				GCC_WARN_UNUSED_FUNCTION = YES;
				GCC_WARN_UNUSED_VARIABLE = YES;
				IPHONEOS_DEPLOYMENT_TARGET = 9.0;
				MTL_ENABLE_DEBUG_INFO = YES;
				ONLY_ACTIVE_ARCH = YES;
				SDKROOT = iphoneos;
				SWIFT_OPTIMIZATION_LEVEL = "-Onone";
			};
			name = Debug;
		};
		FC9CB33C1BBF4409000F4395 /* Release */ = {
			isa = XCBuildConfiguration;
			buildSettings = {
				ALWAYS_SEARCH_USER_PATHS = NO;
				CLANG_CXX_LANGUAGE_STANDARD = "gnu++0x";
				CLANG_CXX_LIBRARY = "libc++";
				CLANG_ENABLE_MODULES = YES;
				CLANG_ENABLE_OBJC_ARC = YES;
				CLANG_WARN_BOOL_CONVERSION = YES;
				CLANG_WARN_CONSTANT_CONVERSION = YES;
				CLANG_WARN_DIRECT_OBJC_ISA_USAGE = YES_ERROR;
				CLANG_WARN_EMPTY_BODY = YES;
				CLANG_WARN_ENUM_CONVERSION = YES;
				CLANG_WARN_INT_CONVERSION = YES;
				CLANG_WARN_OBJC_ROOT_CLASS = YES_ERROR;
				CLANG_WARN_UNREACHABLE_CODE = YES;
				CLANG_WARN__DUPLICATE_METHOD_MATCH = YES;
				"CODE_SIGN_IDENTITY[sdk=iphoneos*]" = "iPhone Developer";
				COPY_PHASE_STRIP = NO;
				DEBUG_INFORMATION_FORMAT = "dwarf-with-dsym";
				ENABLE_NS_ASSERTIONS = NO;
				ENABLE_STRICT_OBJC_MSGSEND = YES;
				GCC_C_LANGUAGE_STANDARD = gnu99;
				GCC_NO_COMMON_BLOCKS = YES;
				GCC_WARN_64_TO_32_BIT_CONVERSION = YES;
				GCC_WARN_ABOUT_RETURN_TYPE = YES_ERROR;
				GCC_WARN_UNDECLARED_SELECTOR = YES;
				GCC_WARN_UNINITIALIZED_AUTOS = YES_AGGRESSIVE;
				GCC_WARN_UNUSED_FUNCTION = YES;
				GCC_WARN_UNUSED_VARIABLE = YES;
				IPHONEOS_DEPLOYMENT_TARGET = 9.0;
				MTL_ENABLE_DEBUG_INFO = NO;
				SDKROOT = iphoneos;
				VALIDATE_PRODUCT = YES;
			};
			name = Release;
		};
		FC9CB33E1BBF4409000F4395 /* Debug */ = {
			isa = XCBuildConfiguration;
			baseConfigurationReference = 496DD6E83891F94653BCB5C9 /* Pods-BentoDriver.debug.xcconfig */;
			buildSettings = {
				ASSETCATALOG_COMPILER_APPICON_NAME = AppIcon;
				CLANG_ENABLE_MODULES = YES;
				FRAMEWORK_SEARCH_PATHS = (
					"$(inherited)",
					"$(PROJECT_DIR)",
				);
				INFOPLIST_FILE = BentoDriver/Info.plist;
				LD_RUNPATH_SEARCH_PATHS = "$(inherited) @executable_path/Frameworks";
				PRODUCT_BUNDLE_IDENTIFIER = co.josephlau.BentoDriver;
				PRODUCT_NAME = "$(TARGET_NAME)";
				SWIFT_OBJC_BRIDGING_HEADER = "BentoDriver/BentoDriver-Bridging-Header.h";
				SWIFT_OPTIMIZATION_LEVEL = "-Onone";
			};
			name = Debug;
		};
		FC9CB33F1BBF4409000F4395 /* Release */ = {
			isa = XCBuildConfiguration;
			baseConfigurationReference = 740ED416EA46E8C8CA60F0DE /* Pods-BentoDriver.release.xcconfig */;
			buildSettings = {
				ASSETCATALOG_COMPILER_APPICON_NAME = AppIcon;
				CLANG_ENABLE_MODULES = YES;
				FRAMEWORK_SEARCH_PATHS = (
					"$(inherited)",
					"$(PROJECT_DIR)",
				);
				INFOPLIST_FILE = BentoDriver/Info.plist;
				LD_RUNPATH_SEARCH_PATHS = "$(inherited) @executable_path/Frameworks";
				PRODUCT_BUNDLE_IDENTIFIER = co.josephlau.BentoDriver;
				PRODUCT_NAME = "$(TARGET_NAME)";
				SWIFT_OBJC_BRIDGING_HEADER = "BentoDriver/BentoDriver-Bridging-Header.h";
			};
			name = Release;
		};
		FC9CB3411BBF4409000F4395 /* Debug */ = {
			isa = XCBuildConfiguration;
			buildSettings = {
				BUNDLE_LOADER = "$(TEST_HOST)";
				INFOPLIST_FILE = BentoDriverTests/Info.plist;
				LD_RUNPATH_SEARCH_PATHS = "$(inherited) @executable_path/Frameworks @loader_path/Frameworks";
				PRODUCT_BUNDLE_IDENTIFIER = co.josephlau.BentoDriverTests;
				PRODUCT_NAME = "$(TARGET_NAME)";
				TEST_HOST = "$(BUILT_PRODUCTS_DIR)/BentoDriver.app/BentoDriver";
			};
			name = Debug;
		};
		FC9CB3421BBF4409000F4395 /* Release */ = {
			isa = XCBuildConfiguration;
			buildSettings = {
				BUNDLE_LOADER = "$(TEST_HOST)";
				INFOPLIST_FILE = BentoDriverTests/Info.plist;
				LD_RUNPATH_SEARCH_PATHS = "$(inherited) @executable_path/Frameworks @loader_path/Frameworks";
				PRODUCT_BUNDLE_IDENTIFIER = co.josephlau.BentoDriverTests;
				PRODUCT_NAME = "$(TARGET_NAME)";
				TEST_HOST = "$(BUILT_PRODUCTS_DIR)/BentoDriver.app/BentoDriver";
			};
			name = Release;
		};
		FC9CB3441BBF4409000F4395 /* Debug */ = {
			isa = XCBuildConfiguration;
			buildSettings = {
				INFOPLIST_FILE = BentoDriverUITests/Info.plist;
				LD_RUNPATH_SEARCH_PATHS = "$(inherited) @executable_path/Frameworks @loader_path/Frameworks";
				PRODUCT_BUNDLE_IDENTIFIER = co.josephlau.BentoDriverUITests;
				PRODUCT_NAME = "$(TARGET_NAME)";
				TEST_TARGET_NAME = BentoDriver;
				USES_XCTRUNNER = YES;
			};
			name = Debug;
		};
		FC9CB3451BBF4409000F4395 /* Release */ = {
			isa = XCBuildConfiguration;
			buildSettings = {
				INFOPLIST_FILE = BentoDriverUITests/Info.plist;
				LD_RUNPATH_SEARCH_PATHS = "$(inherited) @executable_path/Frameworks @loader_path/Frameworks";
				PRODUCT_BUNDLE_IDENTIFIER = co.josephlau.BentoDriverUITests;
				PRODUCT_NAME = "$(TARGET_NAME)";
				TEST_TARGET_NAME = BentoDriver;
				USES_XCTRUNNER = YES;
			};
			name = Release;
		};
/* End XCBuildConfiguration section */

/* Begin XCConfigurationList section */
		FC9CB3101BBF4409000F4395 /* Build configuration list for PBXProject "BentoDriver" */ = {
			isa = XCConfigurationList;
			buildConfigurations = (
				FC9CB33B1BBF4409000F4395 /* Debug */,
				FC9CB33C1BBF4409000F4395 /* Release */,
			);
			defaultConfigurationIsVisible = 0;
			defaultConfigurationName = Release;
		};
		FC9CB33D1BBF4409000F4395 /* Build configuration list for PBXNativeTarget "Bento Driver" */ = {
			isa = XCConfigurationList;
			buildConfigurations = (
				FC9CB33E1BBF4409000F4395 /* Debug */,
				FC9CB33F1BBF4409000F4395 /* Release */,
			);
			defaultConfigurationIsVisible = 0;
			defaultConfigurationName = Release;
		};
		FC9CB3401BBF4409000F4395 /* Build configuration list for PBXNativeTarget "BentoDriverTests" */ = {
			isa = XCConfigurationList;
			buildConfigurations = (
				FC9CB3411BBF4409000F4395 /* Debug */,
				FC9CB3421BBF4409000F4395 /* Release */,
			);
			defaultConfigurationIsVisible = 0;
			defaultConfigurationName = Release;
		};
		FC9CB3431BBF4409000F4395 /* Build configuration list for PBXNativeTarget "BentoDriverUITests" */ = {
			isa = XCConfigurationList;
			buildConfigurations = (
				FC9CB3441BBF4409000F4395 /* Debug */,
				FC9CB3451BBF4409000F4395 /* Release */,
			);
			defaultConfigurationIsVisible = 0;
			defaultConfigurationName = Release;
		};
/* End XCConfigurationList section */
	};
	rootObject = FC9CB30D1BBF4409000F4395 /* Project object */;
}
